Microsoft Visual Studio Solution File, Format Version 12.00
# Visual Studio Version 17
VisualStudioVersion = 17.3.32901.215
MinimumVisualStudioVersion = 10.0.40219.1
Project("{2150E333-8FDC-42A3-9474-1A3956D46DE8}") = "Web", "Web", "{8A2B4551-D1A0-47CA-A8F7-C3BEE98D4BAF}"
EndProject
Project("{FAE04EC0-301F-11D3-BF4B-00C04F79EFBC}") = "SP.Web.Site", "Web\SP.Web.Site\SP.Web.Site.csproj", "{5F9A2312-CA59-42DA-B48C-F5EAE21169E0}"
EndProject
Project("{2150E333-8FDC-42A3-9474-1A3956D46DE8}") = "Database", "Database", "{99A57DBC-3F46-41E4-8D1E-B0BA876238B9}"
EndProject
Project("{2150E333-8FDC-42A3-9474-1A3956D46DE8}") = "Shared", "Shared", "{EC931CC9-2C6A-4C81-BC09-879B1A739AAB}"
EndProject
Project("{FAE04EC0-301F-11D3-BF4B-00C04F79EFBC}") = "SP.Database.Mongo", "Database\SP.Database.Mongo\SP.Database.Mongo.csproj", "{03C4700B-DE4F-49FD-99E2-DEFA109E0839}"
EndProject
Project("{FAE04EC0-301F-11D3-BF4B-00C04F79EFBC}") = "SP.Shared.Common", "Shared\SP.Shared.Common\SP.Shared.Common.csproj", "{3646AF22-8F5F-4904-BA73-92A0EFBC5302}"
EndProject
Project("{FAE04EC0-301F-11D3-BF4B-00C04F79EFBC}") = "SP.Database.Mongo.Tests", "Database\SP.Database.Mongo.Tests\SP.Database.Mongo.Tests.csproj", "{86D36E34-B764-46DB-B496-377F0E9967BB}"
EndProject
Project("{FAE04EC0-301F-11D3-BF4B-00C04F79EFBC}") = "SP.Shared.Common.Tests", "Shared\SP.Shared.Common.Tests\SP.Shared.Common.Tests.csproj", "{1C3BC3C2-24AC-4B69-8632-D14B405CE7A2}"
EndProject
Project("{FAE04EC0-301F-11D3-BF4B-00C04F79EFBC}") = "SP.Web.Business", "Web\SP.Web.Business\SP.Web.Business.csproj", "{D70D94A3-C1A6-4701-8292-40412A7D43E6}"
EndProject
Project("{2150E333-8FDC-42A3-9474-1A3956D46DE8}") = "Api", "Api", "{B1B0F7F5-5A9B-4552-992E-0CFEBF2E8B02}"
EndProject
Project("{FAE04EC0-301F-11D3-BF4B-00C04F79EFBC}") = "Sp.Api.Host", "Api\Sp.Api.Host\Sp.Api.Host.csproj", "{999F5AF3-461A-4C1B-83BD-77A5EA8DA05A}"
EndProject
Project("{FAE04EC0-301F-11D3-BF4B-00C04F79EFBC}") = "Sp.Api.Client", "Api\Sp.Api.Client\Sp.Api.Client.csproj", "{1F08BC68-9FB6-49EC-A223-33822E4EDF7C}"
EndProject
Global
	GlobalSection(SolutionConfigurationPlatforms) = preSolution
		Debug|Any CPU = Debug|Any CPU
		Release|Any CPU = Release|Any CPU
	EndGlobalSection
	GlobalSection(ProjectConfigurationPlatforms) = postSolution
		{5F9A2312-CA59-42DA-B48C-F5EAE21169E0}.Debug|Any CPU.ActiveCfg = Debug|Any CPU
		{5F9A2312-CA59-42DA-B48C-F5EAE21169E0}.Debug|Any CPU.Build.0 = Debug|Any CPU
		{5F9A2312-CA59-42DA-B48C-F5EAE21169E0}.Release|Any CPU.ActiveCfg = Release|Any CPU
		{5F9A2312-CA59-42DA-B48C-F5EAE21169E0}.Release|Any CPU.Build.0 = Release|Any CPU
		{03C4700B-DE4F-49FD-99E2-DEFA109E0839}.Debug|Any CPU.ActiveCfg = Debug|Any CPU
		{03C4700B-DE4F-49FD-99E2-DEFA109E0839}.Debug|Any CPU.Build.0 = Debug|Any CPU
		{03C4700B-DE4F-49FD-99E2-DEFA109E0839}.Release|Any CPU.ActiveCfg = Release|Any CPU
		{03C4700B-DE4F-49FD-99E2-DEFA109E0839}.Release|Any CPU.Build.0 = Release|Any CPU
		{3646AF22-8F5F-4904-BA73-92A0EFBC5302}.Debug|Any CPU.ActiveCfg = Debug|Any CPU
		{3646AF22-8F5F-4904-BA73-92A0EFBC5302}.Debug|Any CPU.Build.0 = Debug|Any CPU
		{3646AF22-8F5F-4904-BA73-92A0EFBC5302}.Release|Any CPU.ActiveCfg = Release|Any CPU
		{3646AF22-8F5F-4904-BA73-92A0EFBC5302}.Release|Any CPU.Build.0 = Release|Any CPU
		{86D36E34-B764-46DB-B496-377F0E9967BB}.Debug|Any CPU.ActiveCfg = Debug|Any CPU
		{86D36E34-B764-46DB-B496-377F0E9967BB}.Debug|Any CPU.Build.0 = Debug|Any CPU
		{86D36E34-B764-46DB-B496-377F0E9967BB}.Release|Any CPU.ActiveCfg = Release|Any CPU
		{86D36E34-B764-46DB-B496-377F0E9967BB}.Release|Any CPU.Build.0 = Release|Any CPU
		{1C3BC3C2-24AC-4B69-8632-D14B405CE7A2}.Debug|Any CPU.ActiveCfg = Debug|Any CPU
		{1C3BC3C2-24AC-4B69-8632-D14B405CE7A2}.Debug|Any CPU.Build.0 = Debug|Any CPU
		{1C3BC3C2-24AC-4B69-8632-D14B405CE7A2}.Release|Any CPU.ActiveCfg = Release|Any CPU
		{1C3BC3C2-24AC-4B69-8632-D14B405CE7A2}.Release|Any CPU.Build.0 = Release|Any CPU
		{D70D94A3-C1A6-4701-8292-40412A7D43E6}.Debug|Any CPU.ActiveCfg = Debug|Any CPU
		{D70D94A3-C1A6-4701-8292-40412A7D43E6}.Debug|Any CPU.Build.0 = Debug|Any CPU
		{D70D94A3-C1A6-4701-8292-40412A7D43E6}.Release|Any CPU.ActiveCfg = Release|Any CPU
		{D70D94A3-C1A6-4701-8292-40412A7D43E6}.Release|Any CPU.Build.0 = Release|Any CPU
		{999F5AF3-461A-4C1B-83BD-77A5EA8DA05A}.Debug|Any CPU.ActiveCfg = Debug|Any CPU
		{999F5AF3-461A-4C1B-83BD-77A5EA8DA05A}.Debug|Any CPU.Build.0 = Debug|Any CPU
		{999F5AF3-461A-4C1B-83BD-77A5EA8DA05A}.Release|Any CPU.ActiveCfg = Release|Any CPU
		{999F5AF3-461A-4C1B-83BD-77A5EA8DA05A}.Release|Any CPU.Build.0 = Release|Any CPU
		{1F08BC68-9FB6-49EC-A223-33822E4EDF7C}.Debug|Any CPU.ActiveCfg = Debug|Any CPU
		{1F08BC68-9FB6-49EC-A223-33822E4EDF7C}.Debug|Any CPU.Build.0 = Debug|Any CPU
		{1F08BC68-9FB6-49EC-A223-33822E4EDF7C}.Release|Any CPU.ActiveCfg = Release|Any CPU
		{1F08BC68-9FB6-49EC-A223-33822E4EDF7C}.Release|Any CPU.Build.0 = Release|Any CPU
	EndGlobalSection
	GlobalSection(SolutionProperties) = preSolution
		HideSolutionNode = FALSE
	EndGlobalSection
	GlobalSection(NestedProjects) = preSolution
		{5F9A2312-CA59-42DA-B48C-F5EAE21169E0} = {8A2B4551-D1A0-47CA-A8F7-C3BEE98D4BAF}
		{03C4700B-DE4F-49FD-99E2-DEFA109E0839} = {99A57DBC-3F46-41E4-8D1E-B0BA876238B9}
		{3646AF22-8F5F-4904-BA73-92A0EFBC5302} = {EC931CC9-2C6A-4C81-BC09-879B1A739AAB}
		{86D36E34-B764-46DB-B496-377F0E9967BB} = {99A57DBC-3F46-41E4-8D1E-B0BA876238B9}
		{1C3BC3C2-24AC-4B69-8632-D14B405CE7A2} = {EC931CC9-2C6A-4C81-BC09-879B1A739AAB}
		{D70D94A3-C1A6-4701-8292-40412A7D43E6} = {8A2B4551-D1A0-47CA-A8F7-C3BEE98D4BAF}
		{999F5AF3-461A-4C1B-83BD-77A5EA8DA05A} = {B1B0F7F5-5A9B-4552-992E-0CFEBF2E8B02}
		{1F08BC68-9FB6-49EC-A223-33822E4EDF7C} = {B1B0F7F5-5A9B-4552-992E-0CFEBF2E8B02}
	EndGlobalSection
EndGlobal
