Microsoft Visual Studio Solution File, Format Version 12.00
# Visual Studio Version 17
VisualStudioVersion = 17.3.32901.215
MinimumVisualStudioVersion = 10.0.40219.1
Project("{2150E333-8FDC-42A3-9474-1A3956D46DE8}") = "Web", "Web", "{8A2B4551-D1A0-47CA-A8F7-C3BEE98D4BAF}"
EndProject
Project("{FAE04EC0-301F-11D3-BF4B-00C04F79EFBC}") = "SP.Web.Site", "Web\SP.Web.Site\SP.Web.Site.csproj", "{5F9A2312-CA59-42DA-B48C-F5EAE21169E0}"
EndProject
Global
	GlobalSection(SolutionConfigurationPlatforms) = preSolution
		Debug|Any CPU = Debug|Any CPU
		Release|Any CPU = Release|Any CPU
	EndGlobalSection
	GlobalSection(ProjectConfigurationPlatforms) = postSolution
		{5F9A2312-CA59-42DA-B48C-F5EAE21169E0}.Debug|Any CPU.ActiveCfg = Debug|Any CPU
		{5F9A2312-CA59-42DA-B48C-F5EAE21169E0}.Debug|Any CPU.Build.0 = Debug|Any CPU
		{5F9A2312-CA59-42DA-B48C-F5EAE21169E0}.Release|Any CPU.ActiveCfg = Release|Any CPU
		{5F9A2312-CA59-42DA-B48C-F5EAE21169E0}.Release|Any CPU.Build.0 = Release|Any CPU
	EndGlobalSection
	GlobalSection(SolutionProperties) = preSolution
		HideSolutionNode = FALSE
	EndGlobalSection
	GlobalSection(NestedProjects) = preSolution
		{5F9A2312-CA59-42DA-B48C-F5EAE21169E0} = {8A2B4551-D1A0-47CA-A8F7-C3BEE98D4BAF}
	EndGlobalSection
EndGlobal
